# THIS IS AN AUTOGENERATED FILE. DO NOT EDIT THIS FILE DIRECTLY.
# yarn lockfile v1


"babel7-plugin-add-module-exports@npm:babel-plugin-add-module-exports@^1.0.0":
  version "1.0.0"
  resolved "https://registry.yarnpkg.com/babel-plugin-add-module-exports/-/babel-plugin-add-module-exports-1.0.0.tgz#72b5424d941a336c6a35357f373d8b8366263031"
  integrity sha512-m0sMxPL4FaN2K69GQgaRJa4Ny15qKSdoknIcpN+gz+NaJlAW9pge/povs13tPYsKDboflrEQC+/3kfIsONBTaw==
  optionalDependencies:
    chokidar "^2.0.4"

"lodash@npm:@elastic/lodash@3.10.1-kibana1":
  version "3.10.1-kibana1"
  resolved "https://registry.yarnpkg.com/@elastic/lodash/-/lodash-3.10.1-kibana1.tgz#9baa52c296ec06a52461f8516bb94172ef53a7fe"
  integrity sha512-JIL1V6Kd9mhm7OCO5nmpMF8hW2iw1godcXgBikhIlTvsu6hBA8Xnxfc/AukdysTfJo4zWaZ8PzlJX/hKN/DlDA==

"date-in-spanish@npm:fecha", fecha@^4.0.0:
  version "4.2.3"
  resolved "https://registry.yarnpkg.com/fecha/-/fecha-4.2.3.tgz#4d9ccdbc61e8629b259fdca67e65891448d569fd"
  integrity sha512-OP2IUU6HeYKJi3i0z4A19kHMQoLVs4Hc+DPqqxI2h/DPZHTm/vjsfC6P0b4jCMy14XizLBqvndQ+UilD7707Jw==

"probably-nonsense@npm:what@file:how":
  version "0.0.1"
