abab@^2.0.0:
  version "2.0.0"
  resolved "https://registry.yarnpkg.com/abab/-/abab-2.0.0.tgz#aba0ab4c5eee2d4c79d3487d85450fb2376ebb0f"
  integrity sha512-sY5AXXVZv4Y1VACTtR11UJCPHHudgY5i26Qj5TypE6DKlIApbwb5uqhXcJ5UUGbvZNRh7EeIoW+LrJumBsKp7w==

# lets add something unexpected
abbrev@1                     :       
  version        "1.1.1"
  resolved "https://registry.yarnpkg.com/abbrev/-/abbrev-1.1.1.tgz#f8f2c887ad10bf67f634f005b6987fed3179aac8"
  integrity sha512-nne9/IiQ/hzIhY6pdDnbBtz7DjPTKrY00P/zvPSm5pOFkl6xuGrGnXn/VtTNNfNtAfZ9/1RtehkszU9qcTii0Q==
